// !$*UTF8*$!
{
	archiveVersion = 1;
	classes = {
	};
	objectVersion = 48;
	objects = {

/* Begin PBXBuildFile section */
		064F9C11206220D100F1646E /* AppDelegate.swift in Sources */ = {isa = PBXBuildFile; fileRef = 064F9C10206220D100F1646E /* AppDelegate.swift */; };
		064F9C16206220D100F1646E /* BikeList.storyboard in Resources */ = {isa = PBXBuildFile; fileRef = 064F9C14206220D100F1646E /* BikeList.storyboard */; };
		064F9C18206220D100F1646E /* Assets.xcassets in Resources */ = {isa = PBXBuildFile; fileRef = 064F9C17206220D100F1646E /* Assets.xcassets */; };
		064F9C1B206220D100F1646E /* LaunchScreen.storyboard in Resources */ = {isa = PBXBuildFile; fileRef = 064F9C19206220D100F1646E /* LaunchScreen.storyboard */; };
		064F9C312062212100F1646E /* BikeShareCityResponse.swift in Sources */ = {isa = PBXBuildFile; fileRef = 064F9C302062212100F1646E /* BikeShareCityResponse.swift */; };
		064F9C332062216D00F1646E /* BikeShareCity.swift in Sources */ = {isa = PBXBuildFile; fileRef = 064F9C322062216D00F1646E /* BikeShareCity.swift */; };
		064F9C35206221FD00F1646E /* CityLocation.swift in Sources */ = {isa = PBXBuildFile; fileRef = 064F9C34206221FD00F1646E /* CityLocation.swift */; };
		064F9C372062228000F1646E /* BikeShareCityViewModel.swift in Sources */ = {isa = PBXBuildFile; fileRef = 064F9C362062228000F1646E /* BikeShareCityViewModel.swift */; };
		064F9C3B2062246D00F1646E /* BikeShareInteractor.swift in Sources */ = {isa = PBXBuildFile; fileRef = 064F9C3A2062246D00F1646E /* BikeShareInteractor.swift */; };
		064F9C3D2062256900F1646E /* BikeSharePresenter.swift in Sources */ = {isa = PBXBuildFile; fileRef = 064F9C3C2062256900F1646E /* BikeSharePresenter.swift */; };
		064F9C3F2062268F00F1646E /* BikeShareViewController.swift in Sources */ = {isa = PBXBuildFile; fileRef = 064F9C3E2062268F00F1646E /* BikeShareViewController.swift */; };
		064F9C4320622BA900F1646E /* BikeShareCityTableViewCell.xib in Resources */ = {isa = PBXBuildFile; fileRef = 064F9C4220622BA900F1646E /* BikeShareCityTableViewCell.xib */; };
		064F9C4520622DC100F1646E /* BikeShareCityTableViewCell.swift in Sources */ = {isa = PBXBuildFile; fileRef = 064F9C4420622DC100F1646E /* BikeShareCityTableViewCell.swift */; };
		064F9C4A206B8D4800F1646E /* BikeShareMapper.swift in Sources */ = {isa = PBXBuildFile; fileRef = 064F9C49206B8D4800F1646E /* BikeShareMapper.swift */; };
		064F9C4D206B98BC00F1646E /* BikeShareConfigurator.swift in Sources */ = {isa = PBXBuildFile; fileRef = 064F9C4C206B98BC00F1646E /* BikeShareConfigurator.swift */; };
		06817DA8206BB390009ED562 /* BikeShareCityResponse.swift in Sources */ = {isa = PBXBuildFile; fileRef = 064F9C302062212100F1646E /* BikeShareCityResponse.swift */; };
		06817DA9206BB4D0009ED562 /* BikeShareCity.swift in Sources */ = {isa = PBXBuildFile; fileRef = 064F9C322062216D00F1646E /* BikeShareCity.swift */; };
		06817DAC206BB7F6009ED562 /* BikeShareCitySuccess.json in Resources */ = {isa = PBXBuildFile; fileRef = 06817DAB206BB7F6009ED562 /* BikeShareCitySuccess.json */; };
		06817DAD206BB870009ED562 /* CityLocation.swift in Sources */ = {isa = PBXBuildFile; fileRef = 064F9C34206221FD00F1646E /* CityLocation.swift */; };
		06817DB6206D0B9F009ED562 /* BikeShareRouter.swift in Sources */ = {isa = PBXBuildFile; fileRef = 06817DB5206D0B9F009ED562 /* BikeShareRouter.swift */; };
		06C353C3207C973E008CC180 /* MapToBikeListViewModel.swift in Sources */ = {isa = PBXBuildFile; fileRef = 06C353C2207C973E008CC180 /* MapToBikeListViewModel.swift */; };
		06C353C6207C97B5008CC180 /* BikeListViewModel.swift in Sources */ = {isa = PBXBuildFile; fileRef = 06C353C5207C97B5008CC180 /* BikeListViewModel.swift */; };
		06C353C8207C97E4008CC180 /* BikeShareLocation.swift in Sources */ = {isa = PBXBuildFile; fileRef = 06C353C7207C97E4008CC180 /* BikeShareLocation.swift */; };
		06D7C11921B3D7DA0018AB63 /* BaseRequest.swift in Sources */ = {isa = PBXBuildFile; fileRef = 06D7C11821B3D7DA0018AB63 /* BaseRequest.swift */; };
		06FA764B206E066A00FC4ACC /* Alamofire.framework in Frameworks */ = {isa = PBXBuildFile; fileRef = 06FA764C206E066A00FC4ACC /* Alamofire.framework */; };
		06FA764E206E081500FC4ACC /* MapWorkerTests.swift in Sources */ = {isa = PBXBuildFile; fileRef = 06FA764D206E081500FC4ACC /* MapWorkerTests.swift */; };
		3D53D51532BCFB1439959445 /* Pods_BikeShare.framework in Frameworks */ = {isa = PBXBuildFile; fileRef = C83AC6E83DA824934800AF4F /* Pods_BikeShare.framework */; };
		8D3F44BF56E9762D2512ADBD /* Pods_BikeShareTests.framework in Frameworks */ = {isa = PBXBuildFile; fileRef = 64A0C345095ACD77A0703EBB /* Pods_BikeShareTests.framework */; };
		8F6E977E207344A20051526D /* SearchBarView.swift in Sources */ = {isa = PBXBuildFile; fileRef = 8F6E977D207344A20051526D /* SearchBarView.swift */; };
		8F8E6EFD206C6CAB00C24334 /* Map.storyboard in Resources */ = {isa = PBXBuildFile; fileRef = 8F8E6EFC206C6CAB00C24334 /* Map.storyboard */; };
		8FC500A5206CA705007BF92C /* MapRouter.swift in Sources */ = {isa = PBXBuildFile; fileRef = 8FC500A4206CA705007BF92C /* MapRouter.swift */; };
		8FC5BEC7206C73E600BAC377 /* MapViewController.swift in Sources */ = {isa = PBXBuildFile; fileRef = 8FC5BEC6206C73E600BAC377 /* MapViewController.swift */; };
		8FC5BEC9206C788200BAC377 /* MapInteractor.swift in Sources */ = {isa = PBXBuildFile; fileRef = 8FC5BEC8206C788200BAC377 /* MapInteractor.swift */; };
		8FC5BECB206C792900BAC377 /* MapWorker.swift in Sources */ = {isa = PBXBuildFile; fileRef = 8FC5BECA206C792900BAC377 /* MapWorker.swift */; };
		8FC5BECF206C798B00BAC377 /* MapService.swift in Sources */ = {isa = PBXBuildFile; fileRef = 8FC5BECE206C798B00BAC377 /* MapService.swift */; };
		8FC5BED1206C7A8500BAC377 /* MapPresenter.swift in Sources */ = {isa = PBXBuildFile; fileRef = 8FC5BED0206C7A8500BAC377 /* MapPresenter.swift */; };
		8FC5BED3206C7DE300BAC377 /* MapConfigurator.swift in Sources */ = {isa = PBXBuildFile; fileRef = 8FC5BED2206C7DE300BAC377 /* MapConfigurator.swift */; };
		8FC5BED5206C917A00BAC377 /* LocationServices.swift in Sources */ = {isa = PBXBuildFile; fileRef = 8FC5BED4206C917A00BAC377 /* LocationServices.swift */; };
/* End PBXBuildFile section */

/* Begin PBXContainerItemProxy section */
		064F9C22206220D100F1646E /* PBXContainerItemProxy */ = {
			isa = PBXContainerItemProxy;
			containerPortal = 064F9C05206220D100F1646E /* Project object */;
			proxyType = 1;
			remoteGlobalIDString = 064F9C0C206220D100F1646E;
			remoteInfo = BikeShare;
		};
/* End PBXContainerItemProxy section */

/* Begin PBXFileReference section */
		064F9C0D206220D100F1646E /* BikeShare.app */ = {isa = PBXFileReference; explicitFileType = wrapper.application; includeInIndex = 0; path = BikeShare.app; sourceTree = BUILT_PRODUCTS_DIR; };
		064F9C10206220D100F1646E /* AppDelegate.swift */ = {isa = PBXFileReference; lastKnownFileType = sourcecode.swift; path = AppDelegate.swift; sourceTree = "<group>"; };
		064F9C15206220D100F1646E /* Base */ = {isa = PBXFileReference; lastKnownFileType = file.storyboard; name = Base; path = Base.lproj/BikeList.storyboard; sourceTree = "<group>"; };
		064F9C17206220D100F1646E /* Assets.xcassets */ = {isa = PBXFileReference; lastKnownFileType = folder.assetcatalog; path = Assets.xcassets; sourceTree = "<group>"; };
		064F9C1A206220D100F1646E /* Base */ = {isa = PBXFileReference; lastKnownFileType = file.storyboard; name = Base; path = Base.lproj/LaunchScreen.storyboard; sourceTree = "<group>"; };
		064F9C1C206220D100F1646E /* Info.plist */ = {isa = PBXFileReference; lastKnownFileType = text.plist.xml; path = Info.plist; sourceTree = "<group>"; };
		064F9C21206220D100F1646E /* BikeShareTests.xctest */ = {isa = PBXFileReference; explicitFileType = wrapper.cfbundle; includeInIndex = 0; path = BikeShareTests.xctest; sourceTree = BUILT_PRODUCTS_DIR; };
		064F9C27206220D100F1646E /* Info.plist */ = {isa = PBXFileReference; lastKnownFileType = text.plist.xml; path = Info.plist; sourceTree = "<group>"; };
		064F9C302062212100F1646E /* BikeShareCityResponse.swift */ = {isa = PBXFileReference; lastKnownFileType = sourcecode.swift; path = BikeShareCityResponse.swift; sourceTree = "<group>"; };
		064F9C322062216D00F1646E /* BikeShareCity.swift */ = {isa = PBXFileReference; lastKnownFileType = sourcecode.swift; path = BikeShareCity.swift; sourceTree = "<group>"; };
		064F9C34206221FD00F1646E /* CityLocation.swift */ = {isa = PBXFileReference; lastKnownFileType = sourcecode.swift; path = CityLocation.swift; sourceTree = "<group>"; };
		064F9C362062228000F1646E /* BikeShareCityViewModel.swift */ = {isa = PBXFileReference; lastKnownFileType = sourcecode.swift; path = BikeShareCityViewModel.swift; sourceTree = "<group>"; };
		064F9C3A2062246D00F1646E /* BikeShareInteractor.swift */ = {isa = PBXFileReference; lastKnownFileType = sourcecode.swift; path = BikeShareInteractor.swift; sourceTree = "<group>"; };
		064F9C3C2062256900F1646E /* BikeSharePresenter.swift */ = {isa = PBXFileReference; lastKnownFileType = sourcecode.swift; path = BikeSharePresenter.swift; sourceTree = "<group>"; };
		064F9C3E2062268F00F1646E /* BikeShareViewController.swift */ = {isa = PBXFileReference; lastKnownFileType = sourcecode.swift; path = BikeShareViewController.swift; sourceTree = "<group>"; };
		064F9C4220622BA900F1646E /* BikeShareCityTableViewCell.xib */ = {isa = PBXFileReference; lastKnownFileType = file.xib; path = BikeShareCityTableViewCell.xib; sourceTree = "<group>"; };
		064F9C4420622DC100F1646E /* BikeShareCityTableViewCell.swift */ = {isa = PBXFileReference; lastKnownFileType = sourcecode.swift; path = BikeShareCityTableViewCell.swift; sourceTree = "<group>"; };
		064F9C49206B8D4800F1646E /* BikeShareMapper.swift */ = {isa = PBXFileReference; lastKnownFileType = sourcecode.swift; path = BikeShareMapper.swift; sourceTree = "<group>"; };
		064F9C4C206B98BC00F1646E /* BikeShareConfigurator.swift */ = {isa = PBXFileReference; lastKnownFileType = sourcecode.swift; path = BikeShareConfigurator.swift; sourceTree = "<group>"; };
		06817DAB206BB7F6009ED562 /* BikeShareCitySuccess.json */ = {isa = PBXFileReference; fileEncoding = 4; lastKnownFileType = text.json; path = BikeShareCitySuccess.json; sourceTree = "<group>"; };
		06817DAF206BBD3F009ED562 /* Alamofire.framework */ = {isa = PBXFileReference; explicitFileType = wrapper.framework; path = Alamofire.framework; sourceTree = BUILT_PRODUCTS_DIR; };
		06817DB1206BBD47009ED562 /* AlamofireObjectMapper.framework */ = {isa = PBXFileReference; explicitFileType = wrapper.framework; path = AlamofireObjectMapper.framework; sourceTree = BUILT_PRODUCTS_DIR; };
		06817DB3206BBD52009ED562 /* ObjectMapper.framework */ = {isa = PBXFileReference; explicitFileType = wrapper.framework; path = ObjectMapper.framework; sourceTree = BUILT_PRODUCTS_DIR; };
		06817DB5206D0B9F009ED562 /* BikeShareRouter.swift */ = {isa = PBXFileReference; lastKnownFileType = sourcecode.swift; path = BikeShareRouter.swift; sourceTree = "<group>"; };
		06C353C2207C973E008CC180 /* MapToBikeListViewModel.swift */ = {isa = PBXFileReference; lastKnownFileType = sourcecode.swift; path = MapToBikeListViewModel.swift; sourceTree = "<group>"; };
		06C353C5207C97B5008CC180 /* BikeListViewModel.swift */ = {isa = PBXFileReference; lastKnownFileType = sourcecode.swift; path = BikeListViewModel.swift; sourceTree = "<group>"; };
		06C353C7207C97E4008CC180 /* BikeShareLocation.swift */ = {isa = PBXFileReference; lastKnownFileType = sourcecode.swift; path = BikeShareLocation.swift; sourceTree = "<group>"; };
		06D7C11821B3D7DA0018AB63 /* BaseRequest.swift */ = {isa = PBXFileReference; lastKnownFileType = sourcecode.swift; path = BaseRequest.swift; sourceTree = "<group>"; };
		06FA764C206E066A00FC4ACC /* Alamofire.framework */ = {isa = PBXFileReference; explicitFileType = wrapper.framework; path = Alamofire.framework; sourceTree = BUILT_PRODUCTS_DIR; };
		06FA764D206E081500FC4ACC /* MapWorkerTests.swift */ = {isa = PBXFileReference; lastKnownFileType = sourcecode.swift; path = MapWorkerTests.swift; sourceTree = "<group>"; };
		18A059B2BE66AA88E367D616 /* Pods-BikeShare.debug.xcconfig */ = {isa = PBXFileReference; includeInIndex = 1; lastKnownFileType = text.xcconfig; name = "Pods-BikeShare.debug.xcconfig"; path = "Pods/Target Support Files/Pods-BikeShare/Pods-BikeShare.debug.xcconfig"; sourceTree = "<group>"; };
		1B3D189D609940490235853A /* Pods-BikeShareTests.release.xcconfig */ = {isa = PBXFileReference; includeInIndex = 1; lastKnownFileType = text.xcconfig; name = "Pods-BikeShareTests.release.xcconfig"; path = "Pods/Target Support Files/Pods-BikeShareTests/Pods-BikeShareTests.release.xcconfig"; sourceTree = "<group>"; };
		64A0C345095ACD77A0703EBB /* Pods_BikeShareTests.framework */ = {isa = PBXFileReference; explicitFileType = wrapper.framework; includeInIndex = 0; path = Pods_BikeShareTests.framework; sourceTree = BUILT_PRODUCTS_DIR; };
		8C595C044FB775C08EADC8F3 /* Pods-BikeShareTests.debug.xcconfig */ = {isa = PBXFileReference; includeInIndex = 1; lastKnownFileType = text.xcconfig; name = "Pods-BikeShareTests.debug.xcconfig"; path = "Pods/Target Support Files/Pods-BikeShareTests/Pods-BikeShareTests.debug.xcconfig"; sourceTree = "<group>"; };
		8F6E977D207344A20051526D /* SearchBarView.swift */ = {isa = PBXFileReference; lastKnownFileType = sourcecode.swift; path = SearchBarView.swift; sourceTree = "<group>"; };
		8F8E6EFC206C6CAB00C24334 /* Map.storyboard */ = {isa = PBXFileReference; lastKnownFileType = file.storyboard; path = Map.storyboard; sourceTree = "<group>"; };
		8FC500A4206CA705007BF92C /* MapRouter.swift */ = {isa = PBXFileReference; lastKnownFileType = sourcecode.swift; path = MapRouter.swift; sourceTree = "<group>"; };
		8FC5BEC6206C73E600BAC377 /* MapViewController.swift */ = {isa = PBXFileReference; lastKnownFileType = sourcecode.swift; path = MapViewController.swift; sourceTree = "<group>"; };
		8FC5BEC8206C788200BAC377 /* MapInteractor.swift */ = {isa = PBXFileReference; lastKnownFileType = sourcecode.swift; path = MapInteractor.swift; sourceTree = "<group>"; };
		8FC5BECA206C792900BAC377 /* MapWorker.swift */ = {isa = PBXFileReference; lastKnownFileType = sourcecode.swift; path = MapWorker.swift; sourceTree = "<group>"; };
		8FC5BECE206C798B00BAC377 /* MapService.swift */ = {isa = PBXFileReference; lastKnownFileType = sourcecode.swift; path = MapService.swift; sourceTree = "<group>"; };
		8FC5BED0206C7A8500BAC377 /* MapPresenter.swift */ = {isa = PBXFileReference; lastKnownFileType = sourcecode.swift; path = MapPresenter.swift; sourceTree = "<group>"; };
		8FC5BED2206C7DE300BAC377 /* MapConfigurator.swift */ = {isa = PBXFileReference; lastKnownFileType = sourcecode.swift; path = MapConfigurator.swift; sourceTree = "<group>"; };
		8FC5BED4206C917A00BAC377 /* LocationServices.swift */ = {isa = PBXFileReference; lastKnownFileType = sourcecode.swift; path = LocationServices.swift; sourceTree = "<group>"; };
		C83AC6E83DA824934800AF4F /* Pods_BikeShare.framework */ = {isa = PBXFileReference; explicitFileType = wrapper.framework; includeInIndex = 0; path = Pods_BikeShare.framework; sourceTree = BUILT_PRODUCTS_DIR; };
		FB26328117BE1EEFB9C5F85E /* Pods-BikeShare.release.xcconfig */ = {isa = PBXFileReference; includeInIndex = 1; lastKnownFileType = text.xcconfig; name = "Pods-BikeShare.release.xcconfig"; path = "Pods/Target Support Files/Pods-BikeShare/Pods-BikeShare.release.xcconfig"; sourceTree = "<group>"; };
/* End PBXFileReference section */

/* Begin PBXFrameworksBuildPhase section */
		064F9C0A206220D100F1646E /* Frameworks */ = {
			isa = PBXFrameworksBuildPhase;
			buildActionMask = 2147483647;
			files = (
				3D53D51532BCFB1439959445 /* Pods_BikeShare.framework in Frameworks */,
			);
			runOnlyForDeploymentPostprocessing = 0;
		};
		064F9C1E206220D100F1646E /* Frameworks */ = {
			isa = PBXFrameworksBuildPhase;
			buildActionMask = 2147483647;
			files = (
				06FA764B206E066A00FC4ACC /* Alamofire.framework in Frameworks */,
				8D3F44BF56E9762D2512ADBD /* Pods_BikeShareTests.framework in Frameworks */,
			);
			runOnlyForDeploymentPostprocessing = 0;
		};
/* End PBXFrameworksBuildPhase section */

/* Begin PBXGroup section */
		064F9C04206220D100F1646E = {
			isa = PBXGroup;
			children = (
				064F9C0F206220D100F1646E /* BikeShare */,
				064F9C24206220D100F1646E /* BikeShareTests */,
				064F9C0E206220D100F1646E /* Products */,
				0C0B2E680168A3A1E5207433 /* Pods */,
				1132452571065D0B9DE27DD7 /* Frameworks */,
			);
			sourceTree = "<group>";
		};
		064F9C0E206220D100F1646E /* Products */ = {
			isa = PBXGroup;
			children = (
				064F9C0D206220D100F1646E /* BikeShare.app */,
				064F9C21206220D100F1646E /* BikeShareTests.xctest */,
			);
			name = Products;
			sourceTree = "<group>";
		};
		064F9C0F206220D100F1646E /* BikeShare */ = {
			isa = PBXGroup;
			children = (
				064F9C10206220D100F1646E /* AppDelegate.swift */,
				8FC5BED4206C917A00BAC377 /* LocationServices.swift */,
				06D7C11721B3D7C50018AB63 /* Networking */,
				8F8E6EFB206C6C7700C24334 /* MapScene */,
				064F9C4120622ACB00F1646E /* BikeListScene */,
				064F9C17206220D100F1646E /* Assets.xcassets */,
				064F9C19206220D100F1646E /* LaunchScreen.storyboard */,
				064F9C1C206220D100F1646E /* Info.plist */,
			);
			path = BikeShare;
			sourceTree = "<group>";
		};
		064F9C24206220D100F1646E /* BikeShareTests */ = {
			isa = PBXGroup;
			children = (
				06817DAA206BB584009ED562 /* MockJson */,
				06FA764D206E081500FC4ACC /* MapWorkerTests.swift */,
				064F9C27206220D100F1646E /* Info.plist */,
			);
			path = BikeShareTests;
			sourceTree = "<group>";
		};
		064F9C4020622ABC00F1646E /* Models */ = {
			isa = PBXGroup;
			children = (
				064F9C302062212100F1646E /* BikeShareCityResponse.swift */,
				064F9C34206221FD00F1646E /* CityLocation.swift */,
				064F9C322062216D00F1646E /* BikeShareCity.swift */,
				064F9C362062228000F1646E /* BikeShareCityViewModel.swift */,
			);
			path = Models;
			sourceTree = "<group>";
		};
		064F9C4120622ACB00F1646E /* BikeListScene */ = {
			isa = PBXGroup;
			children = (
				06C353C9207C9AA5008CC180 /* Views */,
				06C353C4207C979B008CC180 /* Models */,
				064F9C3A2062246D00F1646E /* BikeShareInteractor.swift */,
				06817DB5206D0B9F009ED562 /* BikeShareRouter.swift */,
				064F9C4C206B98BC00F1646E /* BikeShareConfigurator.swift */,
				064F9C3C2062256900F1646E /* BikeSharePresenter.swift */,
				064F9C4420622DC100F1646E /* BikeShareCityTableViewCell.swift */,
				064F9C3E2062268F00F1646E /* BikeShareViewController.swift */,
				8F6E977D207344A20051526D /* SearchBarView.swift */,
			);
			path = BikeListScene;
			sourceTree = "<group>";
		};
		064F9C4B206B8DDB00F1646E /* Mapper */ = {
			isa = PBXGroup;
			children = (
				064F9C49206B8D4800F1646E /* BikeShareMapper.swift */,
				06C353C2207C973E008CC180 /* MapToBikeListViewModel.swift */,
			);
			path = Mapper;
			sourceTree = "<group>";
		};
		06817DAA206BB584009ED562 /* MockJson */ = {
			isa = PBXGroup;
			children = (
				06817DAB206BB7F6009ED562 /* BikeShareCitySuccess.json */,
			);
			path = MockJson;
			sourceTree = "<group>";
		};
		06C353C4207C979B008CC180 /* Models */ = {
			isa = PBXGroup;
			children = (
				06C353C5207C97B5008CC180 /* BikeListViewModel.swift */,
				06C353C7207C97E4008CC180 /* BikeShareLocation.swift */,
			);
			path = Models;
			sourceTree = "<group>";
		};
		06C353C9207C9AA5008CC180 /* Views */ = {
			isa = PBXGroup;
			children = (
				064F9C14206220D100F1646E /* BikeList.storyboard */,
				064F9C4220622BA900F1646E /* BikeShareCityTableViewCell.xib */,
			);
			path = Views;
			sourceTree = "<group>";
		};
		06D7C11721B3D7C50018AB63 /* Networking */ = {
			isa = PBXGroup;
			children = (
				06D7C11821B3D7DA0018AB63 /* BaseRequest.swift */,
			);
			path = Networking;
			sourceTree = "<group>";
		};
		0C0B2E680168A3A1E5207433 /* Pods */ = {
			isa = PBXGroup;
			children = (
				18A059B2BE66AA88E367D616 /* Pods-BikeShare.debug.xcconfig */,
				FB26328117BE1EEFB9C5F85E /* Pods-BikeShare.release.xcconfig */,
				8C595C044FB775C08EADC8F3 /* Pods-BikeShareTests.debug.xcconfig */,
				1B3D189D609940490235853A /* Pods-BikeShareTests.release.xcconfig */,
			);
			name = Pods;
			sourceTree = "<group>";
		};
		1132452571065D0B9DE27DD7 /* Frameworks */ = {
			isa = PBXGroup;
			children = (
				06FA764C206E066A00FC4ACC /* Alamofire.framework */,
				06817DB3206BBD52009ED562 /* ObjectMapper.framework */,
				06817DB1206BBD47009ED562 /* AlamofireObjectMapper.framework */,
				06817DAF206BBD3F009ED562 /* Alamofire.framework */,
				C83AC6E83DA824934800AF4F /* Pods_BikeShare.framework */,
				64A0C345095ACD77A0703EBB /* Pods_BikeShareTests.framework */,
			);
			name = Frameworks;
			sourceTree = "<group>";
		};
		8F8E6EFB206C6C7700C24334 /* MapScene */ = {
			isa = PBXGroup;
			children = (
				064F9C4B206B8DDB00F1646E /* Mapper */,
				064F9C4020622ABC00F1646E /* Models */,
				8F8E6EFE206C6CB200C24334 /* Views */,
				8FC5BED2206C7DE300BAC377 /* MapConfigurator.swift */,
				8FC5BEC6206C73E600BAC377 /* MapViewController.swift */,
				8FC5BEC8206C788200BAC377 /* MapInteractor.swift */,
				8FC500A4206CA705007BF92C /* MapRouter.swift */,
				8FC5BED0206C7A8500BAC377 /* MapPresenter.swift */,
				8FC5BECA206C792900BAC377 /* MapWorker.swift */,
				8FC5BECE206C798B00BAC377 /* MapService.swift */,
			);
			path = MapScene;
			sourceTree = "<group>";
		};
		8F8E6EFE206C6CB200C24334 /* Views */ = {
			isa = PBXGroup;
			children = (
				8F8E6EFC206C6CAB00C24334 /* Map.storyboard */,
			);
			path = Views;
			sourceTree = "<group>";
		};
/* End PBXGroup section */

/* Begin PBXNativeTarget section */
		064F9C0C206220D100F1646E /* BikeShare */ = {
			isa = PBXNativeTarget;
			buildConfigurationList = 064F9C2A206220D100F1646E /* Build configuration list for PBXNativeTarget "BikeShare" */;
			buildPhases = (
				6F9A091FB7A553AA015AC858 /* [CP] Check Pods Manifest.lock */,
				064F9C09206220D100F1646E /* Sources */,
				064F9C0A206220D100F1646E /* Frameworks */,
				064F9C0B206220D100F1646E /* Resources */,
				0D154C2CB0BF0CDFFE448FDD /* [CP] Embed Pods Frameworks */,
			);
			buildRules = (
			);
			dependencies = (
			);
			name = BikeShare;
			productName = BikeShare;
			productReference = 064F9C0D206220D100F1646E /* BikeShare.app */;
			productType = "com.apple.product-type.application";
		};
		064F9C20206220D100F1646E /* BikeShareTests */ = {
			isa = PBXNativeTarget;
			buildConfigurationList = 064F9C2D206220D100F1646E /* Build configuration list for PBXNativeTarget "BikeShareTests" */;
			buildPhases = (
				AEF7ADF5A74C07F1DDC3EE18 /* [CP] Check Pods Manifest.lock */,
				064F9C1D206220D100F1646E /* Sources */,
				064F9C1E206220D100F1646E /* Frameworks */,
				064F9C1F206220D100F1646E /* Resources */,
			);
			buildRules = (
			);
			dependencies = (
				064F9C23206220D100F1646E /* PBXTargetDependency */,
			);
			name = BikeShareTests;
			productName = BikeShareTests;
			productReference = 064F9C21206220D100F1646E /* BikeShareTests.xctest */;
			productType = "com.apple.product-type.bundle.unit-test";
		};
/* End PBXNativeTarget section */

/* Begin PBXProject section */
		064F9C05206220D100F1646E /* Project object */ = {
			isa = PBXProject;
			attributes = {
				LastSwiftUpdateCheck = 0920;
				LastUpgradeCheck = 0920;
				ORGANIZATIONNAME = "Daniel Slone";
				TargetAttributes = {
					064F9C0C206220D100F1646E = {
						CreatedOnToolsVersion = 9.2;
						ProvisioningStyle = Automatic;
					};
					064F9C20206220D100F1646E = {
						CreatedOnToolsVersion = 9.2;
						ProvisioningStyle = Automatic;
						TestTargetID = 064F9C0C206220D100F1646E;
					};
				};
			};
			buildConfigurationList = 064F9C08206220D100F1646E /* Build configuration list for PBXProject "BikeShare" */;
			compatibilityVersion = "Xcode 8.0";
			developmentRegion = en;
			hasScannedForEncodings = 0;
			knownRegions = (
				en,
				Base,
			);
			mainGroup = 064F9C04206220D100F1646E;
			productRefGroup = 064F9C0E206220D100F1646E /* Products */;
			projectDirPath = "";
			projectRoot = "";
			targets = (
				064F9C0C206220D100F1646E /* BikeShare */,
				064F9C20206220D100F1646E /* BikeShareTests */,
			);
		};
/* End PBXProject section */

/* Begin PBXResourcesBuildPhase section */
		064F9C0B206220D100F1646E /* Resources */ = {
			isa = PBXResourcesBuildPhase;
			buildActionMask = 2147483647;
			files = (
				064F9C1B206220D100F1646E /* LaunchScreen.storyboard in Resources */,
				064F9C4320622BA900F1646E /* BikeShareCityTableViewCell.xib in Resources */,
				064F9C18206220D100F1646E /* Assets.xcassets in Resources */,
				064F9C16206220D100F1646E /* BikeList.storyboard in Resources */,
				8F8E6EFD206C6CAB00C24334 /* Map.storyboard in Resources */,
			);
			runOnlyForDeploymentPostprocessing = 0;
		};
		064F9C1F206220D100F1646E /* Resources */ = {
			isa = PBXResourcesBuildPhase;
			buildActionMask = 2147483647;
			files = (
				06817DAC206BB7F6009ED562 /* BikeShareCitySuccess.json in Resources */,
			);
			runOnlyForDeploymentPostprocessing = 0;
		};
/* End PBXResourcesBuildPhase section */

/* Begin PBXShellScriptBuildPhase section */
		0D154C2CB0BF0CDFFE448FDD /* [CP] Embed Pods Frameworks */ = {
			isa = PBXShellScriptBuildPhase;
			buildActionMask = 2147483647;
			files = (
			);
			inputPaths = (
				"${SRCROOT}/Pods/Target Support Files/Pods-BikeShare/Pods-BikeShare-frameworks.sh",
				"${PODS_ROOT}/Mapbox-iOS-SDK/dynamic/Mapbox.framework",
				"${PODS_ROOT}/Mapbox-iOS-SDK/dynamic/Mapbox.framework.dSYM",
			);
			name = "[CP] Embed Pods Frameworks";
			outputPaths = (
				"${TARGET_BUILD_DIR}/${FRAMEWORKS_FOLDER_PATH}/Mapbox.framework",
				"${DWARF_DSYM_FOLDER_PATH}/Mapbox.framework.dSYM",
			);
			runOnlyForDeploymentPostprocessing = 0;
			shellPath = /bin/sh;
			shellScript = "\"${SRCROOT}/Pods/Target Support Files/Pods-BikeShare/Pods-BikeShare-frameworks.sh\"\n";
			showEnvVarsInLog = 0;
		};
		6F9A091FB7A553AA015AC858 /* [CP] Check Pods Manifest.lock */ = {
			isa = PBXShellScriptBuildPhase;
			buildActionMask = 2147483647;
			files = (
			);
			inputPaths = (
				"${PODS_PODFILE_DIR_PATH}/Podfile.lock",
				"${PODS_ROOT}/Manifest.lock",
			);
			name = "[CP] Check Pods Manifest.lock";
			outputPaths = (
				"$(DERIVED_FILE_DIR)/Pods-BikeShare-checkManifestLockResult.txt",
			);
			runOnlyForDeploymentPostprocessing = 0;
			shellPath = /bin/sh;
			shellScript = "diff \"${PODS_PODFILE_DIR_PATH}/Podfile.lock\" \"${PODS_ROOT}/Manifest.lock\" > /dev/null\nif [ $? != 0 ] ; then\n    # print error to STDERR\n    echo \"error: The sandbox is not in sync with the Podfile.lock. Run 'pod install' or update your CocoaPods installation.\" >&2\n    exit 1\nfi\n# This output is used by Xcode 'outputs' to avoid re-running this script phase.\necho \"SUCCESS\" > \"${SCRIPT_OUTPUT_FILE_0}\"\n";
			showEnvVarsInLog = 0;
		};
		AEF7ADF5A74C07F1DDC3EE18 /* [CP] Check Pods Manifest.lock */ = {
			isa = PBXShellScriptBuildPhase;
			buildActionMask = 2147483647;
			files = (
			);
			inputPaths = (
				"${PODS_PODFILE_DIR_PATH}/Podfile.lock",
				"${PODS_ROOT}/Manifest.lock",
			);
			name = "[CP] Check Pods Manifest.lock";
			outputPaths = (
				"$(DERIVED_FILE_DIR)/Pods-BikeShareTests-checkManifestLockResult.txt",
			);
			runOnlyForDeploymentPostprocessing = 0;
			shellPath = /bin/sh;
			shellScript = "diff \"${PODS_PODFILE_DIR_PATH}/Podfile.lock\" \"${PODS_ROOT}/Manifest.lock\" > /dev/null\nif [ $? != 0 ] ; then\n    # print error to STDERR\n    echo \"error: The sandbox is not in sync with the Podfile.lock. Run 'pod install' or update your CocoaPods installation.\" >&2\n    exit 1\nfi\n# This output is used by Xcode 'outputs' to avoid re-running this script phase.\necho \"SUCCESS\" > \"${SCRIPT_OUTPUT_FILE_0}\"\n";
			showEnvVarsInLog = 0;
		};
/* End PBXShellScriptBuildPhase section */

/* Begin PBXSourcesBuildPhase section */
		064F9C09206220D100F1646E /* Sources */ = {
			isa = PBXSourcesBuildPhase;
			buildActionMask = 2147483647;
			files = (
				064F9C3D2062256900F1646E /* BikeSharePresenter.swift in Sources */,
				064F9C332062216D00F1646E /* BikeShareCity.swift in Sources */,
				8FC5BECB206C792900BAC377 /* MapWorker.swift in Sources */,
				064F9C372062228000F1646E /* BikeShareCityViewModel.swift in Sources */,
				8FC5BEC9206C788200BAC377 /* MapInteractor.swift in Sources */,
				06817DB6206D0B9F009ED562 /* BikeShareRouter.swift in Sources */,
				064F9C11206220D100F1646E /* AppDelegate.swift in Sources */,
				8FC5BECF206C798B00BAC377 /* MapService.swift in Sources */,
				064F9C3F2062268F00F1646E /* BikeShareViewController.swift in Sources */,
				06C353C8207C97E4008CC180 /* BikeShareLocation.swift in Sources */,
				06D7C11921B3D7DA0018AB63 /* BaseRequest.swift in Sources */,
				064F9C4A206B8D4800F1646E /* BikeShareMapper.swift in Sources */,
				8F6E977E207344A20051526D /* SearchBarView.swift in Sources */,
				064F9C4D206B98BC00F1646E /* BikeShareConfigurator.swift in Sources */,
				8FC500A5206CA705007BF92C /* MapRouter.swift in Sources */,
				06C353C6207C97B5008CC180 /* BikeListViewModel.swift in Sources */,
				8FC5BED3206C7DE300BAC377 /* MapConfigurator.swift in Sources */,
				8FC5BED5206C917A00BAC377 /* LocationServices.swift in Sources */,
				8FC5BED1206C7A8500BAC377 /* MapPresenter.swift in Sources */,
				064F9C3B2062246D00F1646E /* BikeShareInteractor.swift in Sources */,
				06C353C3207C973E008CC180 /* MapToBikeListViewModel.swift in Sources */,
				064F9C312062212100F1646E /* BikeShareCityResponse.swift in Sources */,
				064F9C4520622DC100F1646E /* BikeShareCityTableViewCell.swift in Sources */,
				064F9C35206221FD00F1646E /* CityLocation.swift in Sources */,
				8FC5BEC7206C73E600BAC377 /* MapViewController.swift in Sources */,
			);
			runOnlyForDeploymentPostprocessing = 0;
		};
		064F9C1D206220D100F1646E /* Sources */ = {
			isa = PBXSourcesBuildPhase;
			buildActionMask = 2147483647;
			files = (
				06FA764E206E081500FC4ACC /* MapWorkerTests.swift in Sources */,
				06817DA8206BB390009ED562 /* BikeShareCityResponse.swift in Sources */,
				06817DA9206BB4D0009ED562 /* BikeShareCity.swift in Sources */,
				06817DAD206BB870009ED562 /* CityLocation.swift in Sources */,
			);
			runOnlyForDeploymentPostprocessing = 0;
		};
/* End PBXSourcesBuildPhase section */

/* Begin PBXTargetDependency section */
		064F9C23206220D100F1646E /* PBXTargetDependency */ = {
			isa = PBXTargetDependency;
			target = 064F9C0C206220D100F1646E /* BikeShare */;
			targetProxy = 064F9C22206220D100F1646E /* PBXContainerItemProxy */;
		};
/* End PBXTargetDependency section */

/* Begin PBXVariantGroup section */
		064F9C14206220D100F1646E /* BikeList.storyboard */ = {
			isa = PBXVariantGroup;
			children = (
				064F9C15206220D100F1646E /* Base */,
			);
			name = BikeList.storyboard;
			sourceTree = "<group>";
		};
		064F9C19206220D100F1646E /* LaunchScreen.storyboard */ = {
			isa = PBXVariantGroup;
			children = (
				064F9C1A206220D100F1646E /* Base */,
			);
			name = LaunchScreen.storyboard;
			sourceTree = "<group>";
		};
/* End PBXVariantGroup section */

/* Begin XCBuildConfiguration section */
		064F9C28206220D100F1646E /* Debug */ = {
			isa = XCBuildConfiguration;
			buildSettings = {
				ALWAYS_SEARCH_USER_PATHS = NO;
				CLANG_ANALYZER_NONNULL = YES;
				CLANG_ANALYZER_NUMBER_OBJECT_CONVERSION = YES_AGGRESSIVE;
				CLANG_CXX_LANGUAGE_STANDARD = "gnu++14";
				CLANG_CXX_LIBRARY = "libc++";
				CLANG_ENABLE_MODULES = YES;
				CLANG_ENABLE_OBJC_ARC = YES;
				CLANG_WARN_BLOCK_CAPTURE_AUTORELEASING = YES;
				CLANG_WARN_BOOL_CONVERSION = YES;
				CLANG_WARN_COMMA = YES;
				CLANG_WARN_CONSTANT_CONVERSION = YES;
				CLANG_WARN_DIRECT_OBJC_ISA_USAGE = YES_ERROR;
				CLANG_WARN_DOCUMENTATION_COMMENTS = YES;
				CLANG_WARN_EMPTY_BODY = YES;
				CLANG_WARN_ENUM_CONVERSION = YES;
				CLANG_WARN_INFINITE_RECURSION = YES;
				CLANG_WARN_INT_CONVERSION = YES;
				CLANG_WARN_NON_LITERAL_NULL_CONVERSION = YES;
				CLANG_WARN_OBJC_LITERAL_CONVERSION = YES;
				CLANG_WARN_OBJC_ROOT_CLASS = YES_ERROR;
				CLANG_WARN_RANGE_LOOP_ANALYSIS = YES;
				CLANG_WARN_STRICT_PROTOTYPES = YES;
				CLANG_WARN_SUSPICIOUS_MOVE = YES;
				CLANG_WARN_UNGUARDED_AVAILABILITY = YES_AGGRESSIVE;
				CLANG_WARN_UNREACHABLE_CODE = YES;
				CLANG_WARN__DUPLICATE_METHOD_MATCH = YES;
				CODE_SIGN_IDENTITY = "iPhone Developer";
				COPY_PHASE_STRIP = NO;
				DEBUG_INFORMATION_FORMAT = dwarf;
				ENABLE_STRICT_OBJC_MSGSEND = YES;
				ENABLE_TESTABILITY = YES;
				GCC_C_LANGUAGE_STANDARD = gnu11;
				GCC_DYNAMIC_NO_PIC = NO;
				GCC_NO_COMMON_BLOCKS = YES;
				GCC_OPTIMIZATION_LEVEL = 0;
				GCC_PREPROCESSOR_DEFINITIONS = (
					"DEBUG=1",
					"$(inherited)",
				);
				GCC_WARN_64_TO_32_BIT_CONVERSION = YES;
				GCC_WARN_ABOUT_RETURN_TYPE = YES_ERROR;
				GCC_WARN_UNDECLARED_SELECTOR = YES;
				GCC_WARN_UNINITIALIZED_AUTOS = YES_AGGRESSIVE;
				GCC_WARN_UNUSED_FUNCTION = YES;
				GCC_WARN_UNUSED_VARIABLE = YES;
				IPHONEOS_DEPLOYMENT_TARGET = 11.2;
				MTL_ENABLE_DEBUG_INFO = YES;
				ONLY_ACTIVE_ARCH = YES;
				SDKROOT = iphoneos;
				SWIFT_ACTIVE_COMPILATION_CONDITIONS = DEBUG;
				SWIFT_OPTIMIZATION_LEVEL = "-Onone";
			};
			name = Debug;
		};
		064F9C29206220D100F1646E /* Release */ = {
			isa = XCBuildConfiguration;
			buildSettings = {
				ALWAYS_SEARCH_USER_PATHS = NO;
				CLANG_ANALYZER_NONNULL = YES;
				CLANG_ANALYZER_NUMBER_OBJECT_CONVERSION = YES_AGGRESSIVE;
				CLANG_CXX_LANGUAGE_STANDARD = "gnu++14";
				CLANG_CXX_LIBRARY = "libc++";
				CLANG_ENABLE_MODULES = YES;
				CLANG_ENABLE_OBJC_ARC = YES;
				CLANG_WARN_BLOCK_CAPTURE_AUTORELEASING = YES;
				CLANG_WARN_BOOL_CONVERSION = YES;
				CLANG_WARN_COMMA = YES;
				CLANG_WARN_CONSTANT_CONVERSION = YES;
				CLANG_WARN_DIRECT_OBJC_ISA_USAGE = YES_ERROR;
				CLANG_WARN_DOCUMENTATION_COMMENTS = YES;
				CLANG_WARN_EMPTY_BODY = YES;
				CLANG_WARN_ENUM_CONVERSION = YES;
				CLANG_WARN_INFINITE_RECURSION = YES;
				CLANG_WARN_INT_CONVERSION = YES;
				CLANG_WARN_NON_LITERAL_NULL_CONVERSION = YES;
				CLANG_WARN_OBJC_LITERAL_CONVERSION = YES;
				CLANG_WARN_OBJC_ROOT_CLASS = YES_ERROR;
				CLANG_WARN_RANGE_LOOP_ANALYSIS = YES;
				CLANG_WARN_STRICT_PROTOTYPES = YES;
				CLANG_WARN_SUSPICIOUS_MOVE = YES;
				CLANG_WARN_UNGUARDED_AVAILABILITY = YES_AGGRESSIVE;
				CLANG_WARN_UNREACHABLE_CODE = YES;
				CLANG_WARN__DUPLICATE_METHOD_MATCH = YES;
				CODE_SIGN_IDENTITY = "iPhone Developer";
				COPY_PHASE_STRIP = NO;
				DEBUG_INFORMATION_FORMAT = "dwarf-with-dsym";
				ENABLE_NS_ASSERTIONS = NO;
				ENABLE_STRICT_OBJC_MSGSEND = YES;
				GCC_C_LANGUAGE_STANDARD = gnu11;
				GCC_NO_COMMON_BLOCKS = YES;
				GCC_WARN_64_TO_32_BIT_CONVERSION = YES;
				GCC_WARN_ABOUT_RETURN_TYPE = YES_ERROR;
				GCC_WARN_UNDECLARED_SELECTOR = YES;
				GCC_WARN_UNINITIALIZED_AUTOS = YES_AGGRESSIVE;
				GCC_WARN_UNUSED_FUNCTION = YES;
				GCC_WARN_UNUSED_VARIABLE = YES;
				IPHONEOS_DEPLOYMENT_TARGET = 11.2;
				MTL_ENABLE_DEBUG_INFO = NO;
				SDKROOT = iphoneos;
				SWIFT_OPTIMIZATION_LEVEL = "-Owholemodule";
				VALIDATE_PRODUCT = YES;
			};
			name = Release;
		};
		064F9C2B206220D100F1646E /* Debug */ = {
			isa = XCBuildConfiguration;
			baseConfigurationReference = 18A059B2BE66AA88E367D616 /* Pods-BikeShare.debug.xcconfig */;
			buildSettings = {
				ASSETCATALOG_COMPILER_APPICON_NAME = AppIcon;
				CODE_SIGN_STYLE = Automatic;
				DEVELOPMENT_TEAM = P9534X2WSU;
				INFOPLIST_FILE = BikeShare/Info.plist;
				IPHONEOS_DEPLOYMENT_TARGET = 10.0;
				LD_RUNPATH_SEARCH_PATHS = "$(inherited) @executable_path/Frameworks";
				PRODUCT_BUNDLE_IDENTIFIER = dan.BikeShare;
				PRODUCT_NAME = "$(TARGET_NAME)";
				SWIFT_VERSION = 4.0;
				TARGETED_DEVICE_FAMILY = "1,2";
			};
			name = Debug;
		};
		064F9C2C206220D100F1646E /* Release */ = {
			isa = XCBuildConfiguration;
			baseConfigurationReference = FB26328117BE1EEFB9C5F85E /* Pods-BikeShare.release.xcconfig */;
			buildSettings = {
				ASSETCATALOG_COMPILER_APPICON_NAME = AppIcon;
				CODE_SIGN_STYLE = Automatic;
				DEVELOPMENT_TEAM = P9534X2WSU;
				INFOPLIST_FILE = BikeShare/Info.plist;
				IPHONEOS_DEPLOYMENT_TARGET = 10.0;
				LD_RUNPATH_SEARCH_PATHS = "$(inherited) @executable_path/Frameworks";
				PRODUCT_BUNDLE_IDENTIFIER = dan.BikeShare;
				PRODUCT_NAME = "$(TARGET_NAME)";
				SWIFT_VERSION = 4.0;
				TARGETED_DEVICE_FAMILY = "1,2";
			};
			name = Release;
		};
		064F9C2E206220D100F1646E /* Debug */ = {
			isa = XCBuildConfiguration;
			baseConfigurationReference = 8C595C044FB775C08EADC8F3 /* Pods-BikeShareTests.debug.xcconfig */;
			buildSettings = {
				ALWAYS_EMBED_SWIFT_STANDARD_LIBRARIES = YES;
				BUNDLE_LOADER = "$(TEST_HOST)";
				CODE_SIGN_STYLE = Automatic;
				INFOPLIST_FILE = BikeShareTests/Info.plist;
				IPHONEOS_DEPLOYMENT_TARGET = 11.1;
				LD_RUNPATH_SEARCH_PATHS = "$(inherited) @executable_path/Frameworks @loader_path/Frameworks";
				PRODUCT_BUNDLE_IDENTIFIER = dan.BikeShareTests;
				PRODUCT_NAME = "$(TARGET_NAME)";
				SWIFT_VERSION = 4.0;
				TARGETED_DEVICE_FAMILY = "1,2";
				TEST_HOST = "$(BUILT_PRODUCTS_DIR)/BikeShare.app/BikeShare";
			};
			name = Debug;
		};
		064F9C2F206220D100F1646E /* Release */ = {
			isa = XCBuildConfiguration;
			baseConfigurationReference = 1B3D189D609940490235853A /* Pods-BikeShareTests.release.xcconfig */;
			buildSettings = {
				ALWAYS_EMBED_SWIFT_STANDARD_LIBRARIES = YES;
				BUNDLE_LOADER = "$(TEST_HOST)";
				CODE_SIGN_STYLE = Automatic;
				INFOPLIST_FILE = BikeShareTests/Info.plist;
				IPHONEOS_DEPLOYMENT_TARGET = 11.1;
				LD_RUNPATH_SEARCH_PATHS = "$(inherited) @executable_path/Frameworks @loader_path/Frameworks";
				PRODUCT_BUNDLE_IDENTIFIER = dan.BikeShareTests;
				PRODUCT_NAME = "$(TARGET_NAME)";
				SWIFT_VERSION = 4.0;
				TARGETED_DEVICE_FAMILY = "1,2";
				TEST_HOST = "$(BUILT_PRODUCTS_DIR)/BikeShare.app/BikeShare";
			};
			name = Release;
		};
/* End XCBuildConfiguration section */

/* Begin XCConfigurationList section */
		064F9C08206220D100F1646E /* Build configuration list for PBXProject "BikeShare" */ = {
			isa = XCConfigurationList;
			buildConfigurations = (
				064F9C28206220D100F1646E /* Debug */,
				064F9C29206220D100F1646E /* Release */,
			);
			defaultConfigurationIsVisible = 0;
			defaultConfigurationName = Release;
		};
		064F9C2A206220D100F1646E /* Build configuration list for PBXNativeTarget "BikeShare" */ = {
			isa = XCConfigurationList;
			buildConfigurations = (
				064F9C2B206220D100F1646E /* Debug */,
				064F9C2C206220D100F1646E /* Release */,
			);
			defaultConfigurationIsVisible = 0;
			defaultConfigurationName = Release;
		};
		064F9C2D206220D100F1646E /* Build configuration list for PBXNativeTarget "BikeShareTests" */ = {
			isa = XCConfigurationList;
			buildConfigurations = (
				064F9C2E206220D100F1646E /* Debug */,
				064F9C2F206220D100F1646E /* Release */,
			);
			defaultConfigurationIsVisible = 0;
			defaultConfigurationName = Release;
		};
/* End XCConfigurationList section */
	};
	rootObject = 064F9C05206220D100F1646E /* Project object */;
}
